
Microsoft Visual Studio Solution File, Format Version 12.00
# Visual Studio Version 17
VisualStudioVersion = 17.5.33530.505
MinimumVisualStudioVersion = 10.0.40219.1
Project("{9A19103F-16F7-4668-BE54-9A1E7A4F7556}") = "Lasso", "Lasso.csproj", "{B57524A9-AA07-4FF5-9E52-BD1205BECF72}"
EndProject
Project("{9A19103F-16F7-4668-BE54-9A1E7A4F7556}") = "Lasso.Tests", "..\Lasso.Tests\Lasso.Tests.csproj", "{C9090613-DAD1-4504-AC23-321C64565B56}"
EndProject
Project("{2150E333-8FDC-42A3-9474-1A3956D46DE8}") = "Solution Items", "Solution Items", "{D81E943D-F8BE-46D6-B433-63A66B096AC9}"
	ProjectSection(SolutionItems) = preProject
		.editorconfig = .editorconfig
	EndProjectSection
EndProject
Project("{9A19103F-16F7-4668-BE54-9A1E7A4F7556}") = "Lasso.Extensions.DependencyInjection", "..\Lasso.Extensions.DependencyInjection\Lasso.Extensions.DependencyInjection.csproj", "{A00D1777-9A45-4F66-90E9-CEBDF51CD236}"
EndProject
Global
	GlobalSection(SolutionConfigurationPlatforms) = preSolution
		Debug|Any CPU = Debug|Any CPU
		Release|Any CPU = Release|Any CPU
	EndGlobalSection
	GlobalSection(ProjectConfigurationPlatforms) = postSolution
		{B57524A9-AA07-4FF5-9E52-BD1205BECF72}.Debug|Any CPU.ActiveCfg = Debug|Any CPU
		{B57524A9-AA07-4FF5-9E52-BD1205BECF72}.Debug|Any CPU.Build.0 = Debug|Any CPU
		{B57524A9-AA07-4FF5-9E52-BD1205BECF72}.Release|Any CPU.ActiveCfg = Release|Any CPU
		{B57524A9-AA07-4FF5-9E52-BD1205BECF72}.Release|Any CPU.Build.0 = Release|Any CPU
		{C9090613-DAD1-4504-AC23-321C64565B56}.Debug|Any CPU.ActiveCfg = Debug|Any CPU
		{C9090613-DAD1-4504-AC23-321C64565B56}.Debug|Any CPU.Build.0 = Debug|Any CPU
		{C9090613-DAD1-4504-AC23-321C64565B56}.Release|Any CPU.ActiveCfg = Release|Any CPU
		{C9090613-DAD1-4504-AC23-321C64565B56}.Release|Any CPU.Build.0 = Release|Any CPU
		{A00D1777-9A45-4F66-90E9-CEBDF51CD236}.Debug|Any CPU.ActiveCfg = Debug|Any CPU
		{A00D1777-9A45-4F66-90E9-CEBDF51CD236}.Debug|Any CPU.Build.0 = Debug|Any CPU
		{A00D1777-9A45-4F66-90E9-CEBDF51CD236}.Release|Any CPU.ActiveCfg = Release|Any CPU
		{A00D1777-9A45-4F66-90E9-CEBDF51CD236}.Release|Any CPU.Build.0 = Release|Any CPU
	EndGlobalSection
	GlobalSection(SolutionProperties) = preSolution
		HideSolutionNode = FALSE
	EndGlobalSection
	GlobalSection(ExtensibilityGlobals) = postSolution
		SolutionGuid = {2202DB1C-9E74-412F-8C85-6053F6F8BCB6}
	EndGlobalSection
EndGlobal
